PODS:
  - Capacitor (5.6.0):
    - CapacitorCordova
  - CapacitorCommunityScreenBrightness (5.0.0):
    - Capacitor
  - CapacitorCordova (5.6.0)
  - CapacitorFilesystem (5.2.0):
    - Capacitor

DEPENDENCIES:
  - "Capacitor (from `../../../../../node_modules/@capacitor/ios`)"
  - "CapacitorCommunityScreenBrightness (from `../../../../../node_modules/@capacitor-community/screen-brightness`)"
  - "CapacitorCordova (from `../../../../../node_modules/@capacitor/ios`)"
  - "CapacitorFilesystem (from `../../../../../node_modules/@capacitor/filesystem`)"

EXTERNAL SOURCES:
  Capacitor:
    :path: "../../../../../node_modules/@capacitor/ios"
  CapacitorCommunityScreenBrightness:
    :path: "../../../../../node_modules/@capacitor-community/screen-brightness"
  CapacitorCordova:
    :path: "../../../../../node_modules/@capacitor/ios"
  CapacitorFilesystem:
    :path: "../../../../../node_modules/@capacitor/filesystem"

SPEC CHECKSUMS:
  Capacitor: ebfc16cdb8116d04c101686b080342872da42d43
  CapacitorCommunityScreenBrightness: b2d9c6fffee6b684994cd69f727f2090e2f05c6d
  CapacitorCordova: 931b48fcdbc9bc985fc2f16cec9f77c794a27729
  CapacitorFilesystem: 02f9a9053b96e1881ba1fc98d846869413c195c2

PODFILE CHECKSUM: dbdef6a8489c890c477d5271eb1a102e5f006353

COCOAPODS: 1.11.3
